
Microsoft Visual Studio Solution File, Format Version 12.00
# Visual Studio Version 17
VisualStudioVersion = 17.4.33213.308
MinimumVisualStudioVersion = 10.0.40219.1
Project("{FAE04EC0-301F-11D3-BF4B-00C04F79EFBC}") = "Prestamos", "Prestamos\Prestamos.csproj", "{DB9E6BA4-93F8-4475-8DE9-D1615EA42D20}"
EndProject
Global
	GlobalSection(SolutionConfigurationPlatforms) = preSolution
		Debug|Any CPU = Debug|Any CPU
		Release|Any CPU = Release|Any CPU
	EndGlobalSection
	GlobalSection(ProjectConfigurationPlatforms) = postSolution
		{DB9E6BA4-93F8-4475-8DE9-D1615EA42D20}.Debug|Any CPU.ActiveCfg = Debug|Any CPU
		{DB9E6BA4-93F8-4475-8DE9-D1615EA42D20}.Debug|Any CPU.Build.0 = Debug|Any CPU
		{DB9E6BA4-93F8-4475-8DE9-D1615EA42D20}.Release|Any CPU.ActiveCfg = Release|Any CPU
		{DB9E6BA4-93F8-4475-8DE9-D1615EA42D20}.Release|Any CPU.Build.0 = Release|Any CPU
	EndGlobalSection
	GlobalSection(SolutionProperties) = preSolution
		HideSolutionNode = FALSE
	EndGlobalSection
	GlobalSection(ExtensibilityGlobals) = postSolution
		SolutionGuid = {2986E278-D045-492F-A846-9023030E0F31}
	EndGlobalSection
EndGlobal
